
Microsoft Visual Studio Solution File, Format Version 12.00
# Visual Studio 15
VisualStudioVersion = 15.0.28010.2048
MinimumVisualStudioVersion = 10.0.40219.1
Project("{F184B08F-C81C-45F6-A57F-5ABD9991F28F}") = "R-Cluster", "R-Cluster\R-Cluster.vbproj", "{230D7A1C-18E5-4FF5-AE0E-179B33A4B96F}"
EndProject
Global
	GlobalSection(SolutionConfigurationPlatforms) = preSolution
		Debug|Any CPU = Debug|Any CPU
		Release|Any CPU = Release|Any CPU
	EndGlobalSection
	GlobalSection(ProjectConfigurationPlatforms) = postSolution
		{230D7A1C-18E5-4FF5-AE0E-179B33A4B96F}.Debug|Any CPU.ActiveCfg = Debug|Any CPU
		{230D7A1C-18E5-4FF5-AE0E-179B33A4B96F}.Debug|Any CPU.Build.0 = Debug|Any CPU
		{230D7A1C-18E5-4FF5-AE0E-179B33A4B96F}.Release|Any CPU.ActiveCfg = Release|Any CPU
		{230D7A1C-18E5-4FF5-AE0E-179B33A4B96F}.Release|Any CPU.Build.0 = Release|Any CPU
	EndGlobalSection
	GlobalSection(SolutionProperties) = preSolution
		HideSolutionNode = FALSE
	EndGlobalSection
	GlobalSection(ExtensibilityGlobals) = postSolution
		SolutionGuid = {27B8129D-B8D0-4478-AB59-7199A878D86A}
	EndGlobalSection
EndGlobal
